<?xml version="1.0" encoding="utf-8"?>
<Project ToolsVersion="4.0" xmlns="http://schemas.microsoft.com/developer/msbuild/2003">
  <ItemGroup>
    <Filter Include="Source Files">
      <UniqueIdentifier>{4FC737F1-C7A5-4376-A066-2A32D752A2FF}</UniqueIdentifier>
      <Extensions>cpp;c;cc;cxx;c++;cppm;ixx;def;odl;idl;hpj;bat;asm;asmx</Extensions>
    </Filter>
    <Filter Include="Header Files">
      <UniqueIdentifier>{93995380-89BD-4b04-88EB-625FBE52EBFB}</UniqueIdentifier>
      <Extensions>h;hh;hpp;hxx;h++;hm;inl;inc;ipp;xsd</Extensions>
    </Filter>
    <Filter Include="Resource Files">
      <UniqueIdentifier>{67DA6AB6-F800-4c08-8B7A-83BB121AAD01}</UniqueIdentifier>
      <Extensions>rc;ico;cur;bmp;dlg;rc2;rct;bin;rgs;gif;jpg;jpeg;jpe;resx;tiff;tif;png;wav;mfcribbon-ms</Extensions>
    </Filter>
    <Filter Include="Source Files\array">
      <UniqueIdentifier>{590c6973-8b1b-4de0-9ab3-a6ac7ede8f07}</UniqueIdentifier>
    </Filter>
    <Filter Include="Source Files\decltype">
      <UniqueIdentifier>{207d3405-38a0-43bd-964d-f7c67527c734}</UniqueIdentifier>
    </Filter>
    <Filter Include="Source Files\auto">
      <UniqueIdentifier>{9562817c-e053-4f6e-840b-1bb9236edf5d}</UniqueIdentifier>
    </Filter>
    <Filter Include="Source Files\constexpr">
      <UniqueIdentifier>{cc8bd383-2de9-4ab6-8465-eb907edf5799}</UniqueIdentifier>
    </Filter>
    <Filter Include="Source Files\const">
      <UniqueIdentifier>{77346b64-50de-4081-b73c-f04bf223fe8e}</UniqueIdentifier>
    </Filter>
    <Filter Include="Source Files\chapter_8_iostream">
      <UniqueIdentifier>{61593f27-0734-4e07-bf45-1aaa99c1ded6}</UniqueIdentifier>
    </Filter>
    <Filter Include="Source Files\chapter_9_sequentional_containers">
      <UniqueIdentifier>{1c8d5bdd-8e9e-4e53-9f66-7eb1be7c5e99}</UniqueIdentifier>
    </Filter>
    <Filter Include="Source Files\chapter_10_generic_algorithms">
      <UniqueIdentifier>{914212fd-eaba-4bde-90f9-7c0d26ce5055}</UniqueIdentifier>
    </Filter>
    <Filter Include="Source Files\chapter_11_associative_container">
      <UniqueIdentifier>{29ba6f3b-453a-4ebd-a314-c78438204169}</UniqueIdentifier>
    </Filter>
    <Filter Include="Source Files\chapter_12_dynamics_memory_allocation">
      <UniqueIdentifier>{9651039f-dc5b-4540-8783-2046116ce441}</UniqueIdentifier>
    </Filter>
    <Filter Include="Source Files\chapter_13_copy_control">
      <UniqueIdentifier>{c37f8058-d877-47de-8b2d-5cae08f89ac8}</UniqueIdentifier>
    </Filter>
    <Filter Include="Source Files\chapter_14_operator_overloaded_and_conversion">
      <UniqueIdentifier>{1bcbdf11-6386-4e31-b704-20e3f2991ad7}</UniqueIdentifier>
    </Filter>
    <Filter Include="Source Files\chapter_15_OOP">
      <UniqueIdentifier>{12b471fc-f0be-466d-b988-6daabaa5a2e3}</UniqueIdentifier>
    </Filter>
    <Filter Include="Source Files\chapter_16_templates_and_generic_programming">
      <UniqueIdentifier>{df21c936-e17c-4192-a751-df2ed6cb8054}</UniqueIdentifier>
    </Filter>
    <Filter Include="Source Files\chapter_18_tool_for_large_programs">
      <UniqueIdentifier>{b2f74931-5cfc-4205-b318-50f59942bd0d}</UniqueIdentifier>
    </Filter>
  </ItemGroup>
  <ItemGroup>
    <ClCompile Include="typesOfLiterals.cpp">
      <Filter>Source Files</Filter>
    </ClCompile>
    <ClCompile Include="scopeVariables.cpp">
      <Filter>Source Files</Filter>
    </ClCompile>
    <ClCompile Include="EOF.cpp">
      <Filter>Source Files</Filter>
    </ClCompile>
    <ClCompile Include="lowAndTopLevelConst.cpp">
      <Filter>Source Files</Filter>
    </ClCompile>
    <ClCompile Include="typeAlias.cpp">
      <Filter>Source Files</Filter>
    </ClCompile>
    <ClCompile Include="namespaces.cpp">
      <Filter>Source Files</Filter>
    </ClCompile>
    <ClCompile Include="initialization.cpp">
      <Filter>Source Files</Filter>
    </ClCompile>
    <ClCompile Include="string.cpp">
      <Filter>Source Files</Filter>
    </ClCompile>
    <ClCompile Include="ranges.cpp">
      <Filter>Source Files</Filter>
    </ClCompile>
    <ClCompile Include="iterators.cpp">
      <Filter>Source Files</Filter>
    </ClCompile>
    <ClCompile Include="ranges_and_multidimensionsArray.cpp">
      <Filter>Source Files</Filter>
    </ClCompile>
    <ClCompile Include="commaOperatorAndSeperator_in_switch.cpp">
      <Filter>Source Files</Filter>
    </ClCompile>
    <ClCompile Include="pointer_with_conversion.cpp">
      <Filter>Source Files</Filter>
    </ClCompile>
    <ClCompile Include="sizeof.cpp">
      <Filter>Source Files</Filter>
    </ClCompile>
    <ClCompile Include="statement.cpp">
      <Filter>Source Files</Filter>
    </ClCompile>
    <ClCompile Include="exceptionHandling.cpp">
      <Filter>Source Files</Filter>
    </ClCompile>
    <ClCompile Include="typeConversion.cpp">
      <Filter>Source Files</Filter>
    </ClCompile>
    <ClCompile Include="terminate.cpp">
      <Filter>Source Files</Filter>
    </ClCompile>
    <ClCompile Include="initializer_list.cpp">
      <Filter>Source Files</Filter>
    </ClCompile>
    <ClCompile Include="rvalue_lvalue_returnFromFunction.cpp">
      <Filter>Source Files</Filter>
    </ClCompile>
    <ClCompile Include="main_return.cpp">
      <Filter>Source Files</Filter>
    </ClCompile>
    <ClCompile Include="trailing_returnType.cpp">
      <Filter>Source Files</Filter>
    </ClCompile>
    <ClCompile Include="overloading_problems.cpp">
      <Filter>Source Files</Filter>
    </ClCompile>
    <ClCompile Include="assert.cpp">
      <Filter>Source Files</Filter>
    </ClCompile>
    <ClCompile Include="NDEBUG.cpp">
      <Filter>Source Files</Filter>
    </ClCompile>
    <ClCompile Include="pointer_to_function.cpp">
      <Filter>Source Files</Filter>
    </ClCompile>
    <ClCompile Include="this.cpp">
      <Filter>Source Files</Filter>
    </ClCompile>
    <ClCompile Include="nonMemberFunction.cpp">
      <Filter>Source Files</Filter>
    </ClCompile>
    <ClCompile Include="default_constructor.cpp">
      <Filter>Source Files</Filter>
    </ClCompile>
    <ClCompile Include="initializerListClass.cpp">
      <Filter>Source Files</Filter>
    </ClCompile>
    <ClCompile Include="structVsClass.cpp">
      <Filter>Source Files</Filter>
    </ClCompile>
    <ClCompile Include="friend_class.cpp">
      <Filter>Source Files</Filter>
    </ClCompile>
    <ClCompile Include="mutableKeyword_inClass.cpp">
      <Filter>Source Files</Filter>
    </ClCompile>
    <ClCompile Include="delegate_constructor.cpp">
      <Filter>Source Files</Filter>
    </ClCompile>
    <ClCompile Include="explicitKeyword_inClass.cpp">
      <Filter>Source Files</Filter>
    </ClCompile>
    <ClCompile Include="literal_class.cpp">
      <Filter>Source Files</Filter>
    </ClCompile>
    <ClCompile Include="array_as_parameter.cpp">
      <Filter>Source Files\array</Filter>
    </ClCompile>
    <ClCompile Include="array_with_conversion.cpp">
      <Filter>Source Files\array</Filter>
    </ClCompile>
    <ClCompile Include="decltype.cpp">
      <Filter>Source Files\decltype</Filter>
    </ClCompile>
    <ClCompile Include="autoTypeSpecfier.cpp">
      <Filter>Source Files\auto</Filter>
    </ClCompile>
    <ClCompile Include="constexpr.cpp">
      <Filter>Source Files\constexpr</Filter>
    </ClCompile>
    <ClCompile Include="constexprFunction.cpp">
      <Filter>Source Files\constexpr</Filter>
    </ClCompile>
    <ClCompile Include="const_parameter_problem.cpp">
      <Filter>Source Files\const</Filter>
    </ClCompile>
    <ClCompile Include="constProblemwithClass.cpp">
      <Filter>Source Files\const</Filter>
    </ClCompile>
    <ClCompile Include="constReference.cpp">
      <Filter>Source Files\const</Filter>
    </ClCompile>
    <ClCompile Include="1# iostate.cpp">
      <Filter>Source Files\chapter_8_iostream</Filter>
    </ClCompile>
    <ClCompile Include="2# remember_the_state.cpp">
      <Filter>Source Files\chapter_8_iostream</Filter>
    </ClCompile>
    <ClCompile Include="3# turnoff_specific_flags.cpp">
      <Filter>Source Files\chapter_8_iostream</Filter>
    </ClCompile>
    <ClCompile Include="4# flushing.cpp">
      <Filter>Source Files\chapter_8_iostream</Filter>
    </ClCompile>
    <ClCompile Include="5# flushing_using_a_maniplator.cpp">
      <Filter>Source Files\chapter_8_iostream</Filter>
    </ClCompile>
    <ClCompile Include="6# tie_in_streams.cpp">
      <Filter>Source Files\chapter_8_iostream</Filter>
    </ClCompile>
    <ClCompile Include="7# fstream.cpp">
      <Filter>Source Files\chapter_8_iostream</Filter>
    </ClCompile>
    <ClCompile Include="8# file_modes.cpp">
      <Filter>Source Files\chapter_8_iostream</Filter>
    </ClCompile>
    <ClCompile Include="1# iterators_in_sequentional_container.cpp">
      <Filter>Source Files\chapter_9_sequentional_containers</Filter>
    </ClCompile>
    <ClCompile Include="2# container_member_types.cpp">
      <Filter>Source Files\chapter_9_sequentional_containers</Filter>
    </ClCompile>
    <ClCompile Include="3# begin_end.cpp">
      <Filter>Source Files\chapter_9_sequentional_containers</Filter>
    </ClCompile>
    <ClCompile Include="4# Defining_and_Initializing_a_Container.cpp">
      <Filter>Source Files\chapter_9_sequentional_containers</Filter>
    </ClCompile>
    <ClCompile Include="5# Sequential_Container_Size-Related_Constructors.cpp">
      <Filter>Source Files\chapter_9_sequentional_containers</Filter>
    </ClCompile>
    <ClCompile Include="6# array vs array_class.cpp">
      <Filter>Source Files\chapter_9_sequentional_containers</Filter>
    </ClCompile>
    <ClCompile Include="7# assignement_and_swap.cpp">
      <Filter>Source Files\chapter_9_sequentional_containers</Filter>
    </ClCompile>
    <ClCompile Include="8# operations_on_containers1.cpp">
      <Filter>Source Files\chapter_9_sequentional_containers</Filter>
    </ClCompile>
    <ClCompile Include="9# operations_on_containers2.cpp">
      <Filter>Source Files\chapter_9_sequentional_containers</Filter>
    </ClCompile>
    <ClCompile Include="10# operations_on_containers3.cpp">
      <Filter>Source Files\chapter_9_sequentional_containers</Filter>
    </ClCompile>
    <ClCompile Include="11# operations_on_containers4.cpp">
      <Filter>Source Files\chapter_9_sequentional_containers</Filter>
    </ClCompile>
    <ClCompile Include="12# operations_on_containers_5.cpp">
      <Filter>Source Files\chapter_9_sequentional_containers</Filter>
    </ClCompile>
    <ClCompile Include="14# operations_on_containers7.cpp">
      <Filter>Source Files\chapter_9_sequentional_containers</Filter>
    </ClCompile>
    <ClCompile Include="13# operations_on_containers6.cpp">
      <Filter>Source Files\chapter_9_sequentional_containers</Filter>
    </ClCompile>
    <ClCompile Include="1# read_only_algorithm.cpp">
      <Filter>Source Files\chapter_10_generic_algorithms</Filter>
    </ClCompile>
    <ClCompile Include="2# write_only_algorithms.cpp">
      <Filter>Source Files\chapter_10_generic_algorithms</Filter>
    </ClCompile>
    <ClCompile Include="3# intro_to_back_inserter.cpp">
      <Filter>Source Files\chapter_10_generic_algorithms</Filter>
    </ClCompile>
    <ClCompile Include="4# copy_algorithms.cpp">
      <Filter>Source Files\chapter_10_generic_algorithms</Filter>
    </ClCompile>
    <ClCompile Include="5# reordering_the container_algorithms.cpp">
      <Filter>Source Files\chapter_10_generic_algorithms</Filter>
    </ClCompile>
    <ClCompile Include="6# predictors.cpp">
      <Filter>Source Files\chapter_10_generic_algorithms</Filter>
    </ClCompile>
    <ClCompile Include="7# lambda_expressions.cpp">
      <Filter>Source Files\chapter_10_generic_algorithms</Filter>
    </ClCompile>
    <ClCompile Include="8# bind_and_callable.cpp">
      <Filter>Source Files\chapter_10_generic_algorithms</Filter>
    </ClCompile>
    <ClCompile Include="9# bind_with_ref_cref.cpp">
      <Filter>Source Files\chapter_10_generic_algorithms</Filter>
    </ClCompile>
    <ClCompile Include="10# insert_iterator.cpp">
      <Filter>Source Files\chapter_10_generic_algorithms</Filter>
    </ClCompile>
    <ClCompile Include="11# stream_iterators.cpp">
      <Filter>Source Files\chapter_10_generic_algorithms</Filter>
    </ClCompile>
    <ClCompile Include="12# reverse_iterators.cpp">
      <Filter>Source Files\chapter_10_generic_algorithms</Filter>
    </ClCompile>
    <ClCompile Include="13#  algorithm_structures_and_iterators_categoris.cpp">
      <Filter>Source Files\chapter_10_generic_algorithms</Filter>
    </ClCompile>
    <ClCompile Include="14# algorithm_naming_convention.cpp">
      <Filter>Source Files\chapter_10_generic_algorithms</Filter>
    </ClCompile>
    <ClCompile Include="1# map.cpp">
      <Filter>Source Files\chapter_11_associative_container</Filter>
    </ClCompile>
    <ClCompile Include="2# map_and_set.cpp">
      <Filter>Source Files\chapter_11_associative_container</Filter>
    </ClCompile>
    <ClCompile Include="3# comparsion_function_to_associative_container.cpp">
      <Filter>Source Files\chapter_11_associative_container</Filter>
    </ClCompile>
    <ClCompile Include="4# pairs.cpp">
      <Filter>Source Files\chapter_11_associative_container</Filter>
    </ClCompile>
    <ClCompile Include="5# associative_container_additional_typeAlias.cpp">
      <Filter>Source Files\chapter_11_associative_container</Filter>
    </ClCompile>
    <ClCompile Include="6# associative_conatainer_and_algorithms.cpp">
      <Filter>Source Files\chapter_11_associative_container</Filter>
    </ClCompile>
    <ClCompile Include="7# adding_elements_to_associative_container.cpp">
      <Filter>Source Files\chapter_11_associative_container</Filter>
    </ClCompile>
    <ClCompile Include="8# erase_operations_in_associative_container.cpp">
      <Filter>Source Files\chapter_11_associative_container</Filter>
    </ClCompile>
    <ClCompile Include="9# dereferencing_subscripting_ associative_container.cpp">
      <Filter>Source Files\chapter_11_associative_container</Filter>
    </ClCompile>
    <ClCompile Include="1# shared_ptr.cpp">
      <Filter>Source Files\chapter_12_dynamics_memory_allocation</Filter>
    </ClCompile>
    <ClCompile Include="2# operations_common_to_shared_ptr_unique_ptr.cpp">
      <Filter>Source Files\chapter_12_dynamics_memory_allocation</Filter>
    </ClCompile>
    <ClCompile Include="3# operations_specific_to_shared_ptr.cpp">
      <Filter>Source Files\chapter_12_dynamics_memory_allocation</Filter>
    </ClCompile>
    <ClCompile Include="4# default_initialization_and_value_initialization.cpp">
      <Filter>Source Files\chapter_12_dynamics_memory_allocation</Filter>
    </ClCompile>
    <ClCompile Include="5# auto_with_new.cpp">
      <Filter>Source Files\chapter_12_dynamics_memory_allocation</Filter>
    </ClCompile>
    <ClCompile Include="6# memory_exhausted_and_new_operator.cpp">
      <Filter>Source Files\chapter_12_dynamics_memory_allocation</Filter>
    </ClCompile>
    <ClCompile Include="7# delete_operator.cpp">
      <Filter>Source Files\chapter_12_dynamics_memory_allocation</Filter>
    </ClCompile>
    <ClCompile Include="8# shared_ptr_with_manging_memory_directly.cpp">
      <Filter>Source Files\chapter_12_dynamics_memory_allocation</Filter>
    </ClCompile>
    <ClCompile Include="9# custom_deleter_for_shared_ptr.cpp">
      <Filter>Source Files\chapter_12_dynamics_memory_allocation</Filter>
    </ClCompile>
    <ClCompile Include="10# operations__specific_for_unique_ptr_.cpp">
      <Filter>Source Files\chapter_12_dynamics_memory_allocation</Filter>
    </ClCompile>
    <ClCompile Include="10# operations_on_associative_container.cpp">
      <Filter>Source Files\chapter_11_associative_container</Filter>
    </ClCompile>
    <ClCompile Include="11# custom_deleter_for_unique_ptr.cpp">
      <Filter>Source Files\chapter_12_dynamics_memory_allocation</Filter>
    </ClCompile>
    <ClCompile Include="12# weak_ptr_specfic_operations.cpp">
      <Filter>Source Files\chapter_12_dynamics_memory_allocation</Filter>
    </ClCompile>
    <ClCompile Include="13# specific_operations_to_new.cpp">
      <Filter>Source Files\chapter_12_dynamics_memory_allocation</Filter>
    </ClCompile>
    <ClCompile Include="14# allocator_class.cpp">
      <Filter>Source Files\chapter_12_dynamics_memory_allocation</Filter>
    </ClCompile>
    <ClCompile Include="15# operations_in_allocator_class.cpp">
      <Filter>Source Files\chapter_12_dynamics_memory_allocation</Filter>
    </ClCompile>
    <ClCompile Include="16# algorithms_to_copy_unintialized_memory.cpp">
      <Filter>Source Files\chapter_12_dynamics_memory_allocation</Filter>
    </ClCompile>
    <ClCompile Include="1# copy_constructor.cpp">
      <Filter>Source Files\chapter_13_copy_control</Filter>
    </ClCompile>
    <ClCompile Include="2# direct_initializationVSvalue_intialization.cpp">
      <Filter>Source Files\chapter_13_copy_control</Filter>
    </ClCompile>
    <ClCompile Include="3# copy_assignment_operator.cpp">
      <Filter>Source Files\chapter_13_copy_control</Filter>
    </ClCompile>
    <ClCompile Include="4# destructor_and_reference.cpp">
      <Filter>Source Files\chapter_13_copy_control</Filter>
    </ClCompile>
    <ClCompile Include="5# rule_of_thumb.cpp">
      <Filter>Source Files\chapter_13_copy_control</Filter>
    </ClCompile>
    <ClCompile Include="6# default_member_function.cpp">
      <Filter>Source Files\chapter_13_copy_control</Filter>
    </ClCompile>
    <ClCompile Include="7# delete_member_function.cpp">
      <Filter>Source Files\chapter_13_copy_control</Filter>
    </ClCompile>
    <ClCompile Include="8# copy_assignment_operator_with_shared_ptr.cpp">
      <Filter>Source Files\chapter_13_copy_control</Filter>
    </ClCompile>
    <ClCompile Include="9# copy_assignment_operator_problem.cpp">
      <Filter>Source Files\chapter_13_copy_control</Filter>
    </ClCompile>
    <ClCompile Include="10# custom_swap.cpp">
      <Filter>Source Files\chapter_13_copy_control</Filter>
    </ClCompile>
    <ClCompile Include="11# class_dealing_with_dynamics_memory.cpp">
      <Filter>Source Files\chapter_13_copy_control</Filter>
    </ClCompile>
    <ClCompile Include="12# rvalue_reference.cpp">
      <Filter>Source Files\chapter_13_copy_control</Filter>
    </ClCompile>
    <ClCompile Include="13# move_constructor.cpp">
      <Filter>Source Files\chapter_13_copy_control</Filter>
    </ClCompile>
    <ClCompile Include="14# move_assignment_operator.cpp">
      <Filter>Source Files\chapter_13_copy_control</Filter>
    </ClCompile>
    <ClCompile Include="15# synthesized_move_operation.cpp">
      <Filter>Source Files\chapter_13_copy_control</Filter>
    </ClCompile>
    <ClCompile Include="16# deleted_synthesized_move_operation.cpp">
      <Filter>Source Files\chapter_13_copy_control</Filter>
    </ClCompile>
    <ClCompile Include="17# the_return_is_rvalue.cpp">
      <Filter>Source Files\chapter_13_copy_control</Filter>
    </ClCompile>
    <ClCompile Include="18# rvalue_get_copies.cpp">
      <Filter>Source Files\chapter_13_copy_control</Filter>
    </ClCompile>
    <ClCompile Include="19 # Copy_and_Swap_Assignment_Operators_and_Move.cpp">
      <Filter>Source Files\chapter_13_copy_control</Filter>
    </ClCompile>
    <ClCompile Include="20# move_iterator.cpp">
      <Filter>Source Files\chapter_13_copy_control</Filter>
    </ClCompile>
    <ClCompile Include="21# rvalue_and_lvalue_and member_function.cpp">
      <Filter>Source Files\chapter_13_copy_control</Filter>
    </ClCompile>
    <ClCompile Include="1# basic_concepts.cpp">
      <Filter>Source Files\chapter_14_operator_overloaded_and_conversion</Filter>
    </ClCompile>
    <ClCompile Include="2# input_and_output_stream.cpp">
      <Filter>Source Files\chapter_14_operator_overloaded_and_conversion</Filter>
    </ClCompile>
    <ClCompile Include="3# arithmetic_and_relational_operators.cpp">
      <Filter>Source Files\chapter_14_operator_overloaded_and_conversion</Filter>
    </ClCompile>
    <ClCompile Include="4# subscript_operator.cpp">
      <Filter>Source Files\chapter_14_operator_overloaded_and_conversion</Filter>
    </ClCompile>
    <ClCompile Include="5# postfix_and_prefix.cpp">
      <Filter>Source Files\chapter_14_operator_overloaded_and_conversion</Filter>
    </ClCompile>
    <ClCompile Include="6# member_access_operator.cpp">
      <Filter>Source Files\chapter_14_operator_overloaded_and_conversion</Filter>
    </ClCompile>
    <ClCompile Include="7# library_define_objects.cpp">
      <Filter>Source Files\chapter_14_operator_overloaded_and_conversion</Filter>
    </ClCompile>
    <ClCompile Include="8# operations_on_functions.cpp">
      <Filter>Source Files\chapter_14_operator_overloaded_and_conversion</Filter>
    </ClCompile>
    <ClCompile Include="9# overloading_with_function_parameter.cpp">
      <Filter>Source Files\chapter_14_operator_overloaded_and_conversion</Filter>
    </ClCompile>
    <ClCompile Include="10# conversion_operator.cpp">
      <Filter>Source Files\chapter_14_operator_overloaded_and_conversion</Filter>
    </ClCompile>
    <ClCompile Include="11# mutual_conversions.cpp">
      <Filter>Source Files\chapter_14_operator_overloaded_and_conversion</Filter>
    </ClCompile>
    <ClCompile Include="1# intro_to_inheritance.cpp">
      <Filter>Source Files\chapter_15_OOP</Filter>
    </ClCompile>
    <ClCompile Include="2# intro_to_dynamic_binding.cpp">
      <Filter>Source Files\chapter_15_OOP</Filter>
    </ClCompile>
    <ClCompile Include="3# Member_Functions _and_Inheritance.cpp">
      <Filter>Source Files\chapter_15_OOP</Filter>
    </ClCompile>
    <ClCompile Include="4# Derived_Class_Objects_and_the_Derived_to_Base_Conversion.cpp">
      <Filter>Source Files\chapter_15_OOP</Filter>
    </ClCompile>
    <ClCompile Include="5# constructor_and_derived_class.cpp">
      <Filter>Source Files\chapter_15_OOP</Filter>
    </ClCompile>
    <ClCompile Include="6# static_member_and_inheritance.cpp">
      <Filter>Source Files\chapter_15_OOP</Filter>
    </ClCompile>
    <ClCompile Include="7# declaration_of_derived_class_1.cpp">
      <Filter>Source Files\chapter_15_OOP</Filter>
    </ClCompile>
    <ClCompile Include="8# declaration_of_derived_class_2.cpp">
      <Filter>Source Files\chapter_15_OOP</Filter>
    </ClCompile>
    <ClCompile Include="9# preventing_inheritance.cpp">
      <Filter>Source Files\chapter_15_OOP</Filter>
    </ClCompile>
    <ClCompile Include="10# There_Is_No_Implicit_Conversion_from_Base_to_Derived.cpp">
      <Filter>Source Files\chapter_15_OOP</Filter>
    </ClCompile>
    <ClCompile Include="11# default_arguments_and_virtual.cpp">
      <Filter>Source Files\chapter_15_OOP</Filter>
    </ClCompile>
    <ClCompile Include="12# Circumventing_the_Virtual_Mechanism.cpp">
      <Filter>Source Files\chapter_15_OOP</Filter>
    </ClCompile>
    <ClCompile Include="13# pure_virtual_and_abstract_class.cpp">
      <Filter>Source Files\chapter_15_OOP</Filter>
    </ClCompile>
    <ClCompile Include="14# access_control_and_inheritance_1.cpp">
      <Filter>Source Files\chapter_15_OOP</Filter>
    </ClCompile>
    <ClCompile Include="15# access_control_and_inheritance_2.cpp">
      <Filter>Source Files\chapter_15_OOP</Filter>
    </ClCompile>
    <ClCompile Include="16# Accessibility_of_Derived_to_Base_Conversion.cpp">
      <Filter>Source Files\chapter_15_OOP</Filter>
    </ClCompile>
    <ClCompile Include="17# exempting_individual_members.cpp">
      <Filter>Source Files\chapter_15_OOP</Filter>
    </ClCompile>
    <ClCompile Include="18# name_collison_and_inheritance.cpp">
      <Filter>Source Files\chapter_15_OOP</Filter>
    </ClCompile>
    <ClCompile Include="19# virtual_destructor.cpp">
      <Filter>Source Files\chapter_15_OOP</Filter>
    </ClCompile>
    <ClCompile Include="20# copy_move_assignment_operator_and_constructor.cpp">
      <Filter>Source Files\chapter_15_OOP</Filter>
    </ClCompile>
    <ClCompile Include="21# inherited_constructor_without_boilerplate.cpp">
      <Filter>Source Files\chapter_15_OOP</Filter>
    </ClCompile>
    <ClCompile Include="22# characteristics_of_an_inherited_constructor.cpp">
      <Filter>Source Files\chapter_15_OOP</Filter>
    </ClCompile>
    <ClCompile Include="1# templates_and_friendship.cpp">
      <Filter>Source Files\chapter_16_templates_and_generic_programming</Filter>
    </ClCompile>
    <ClCompile Include="2# template_typeAlias.cpp">
      <Filter>Source Files\chapter_16_templates_and_generic_programming</Filter>
    </ClCompile>
    <ClCompile Include="3# templates_and_static_member_.cpp">
      <Filter>Source Files\chapter_16_templates_and_generic_programming</Filter>
    </ClCompile>
    <ClCompile Include="4# template_parameters_and_scope.cpp">
      <Filter>Source Files\chapter_16_templates_and_generic_programming</Filter>
    </ClCompile>
    <ClCompile Include="5# template_and_static_variables_and_valurType.cpp">
      <Filter>Source Files\chapter_16_templates_and_generic_programming</Filter>
    </ClCompile>
    <ClCompile Include="6# implement_less_with_template.cpp">
      <Filter>Source Files\chapter_16_templates_and_generic_programming</Filter>
    </ClCompile>
    <ClCompile Include="7# template_default_arguments_and_class_template.cpp">
      <Filter>Source Files\chapter_16_templates_and_generic_programming</Filter>
    </ClCompile>
    <ClCompile Include="8# member_template_of_ordinarily_class .cpp">
      <Filter>Source Files\chapter_16_templates_and_generic_programming</Filter>
    </ClCompile>
    <ClCompile Include="9# member_template_of_template_class .cpp">
      <Filter>Source Files\chapter_16_templates_and_generic_programming</Filter>
    </ClCompile>
    <ClCompile Include="10# explicit_instantiation.cpp">
      <Filter>Source Files\chapter_16_templates_and_generic_programming</Filter>
    </ClCompile>
    <ClCompile Include="11# conversion_and_template_type_deduction.cpp">
      <Filter>Source Files\chapter_16_templates_and_generic_programming</Filter>
    </ClCompile>
    <ClCompile Include="12# function_parameters_that_use_the_same_template_parameter_type.cpp">
      <Filter>Source Files\chapter_16_templates_and_generic_programming</Filter>
    </ClCompile>
    <ClCompile Include="13# explicit_templates_argument.cpp">
      <Filter>Source Files\chapter_16_templates_and_generic_programming</Filter>
    </ClCompile>
    <ClCompile Include="14# trailing_return_types_and_type_transformation.cpp">
      <Filter>Source Files\chapter_16_templates_and_generic_programming</Filter>
    </ClCompile>
    <ClCompile Include="15# function_pointer_and_argument_deduction.cpp">
      <Filter>Source Files\chapter_16_templates_and_generic_programming</Filter>
    </ClCompile>
    <ClCompile Include="16# template_argument_deduction_and reference.cpp">
      <Filter>Source Files\chapter_16_templates_and_generic_programming</Filter>
    </ClCompile>
    <ClCompile Include="17# template_function_with_rvalue_reference.cpp">
      <Filter>Source Files\chapter_16_templates_and_generic_programming</Filter>
    </ClCompile>
    <ClCompile Include="1# stack_unwinding.cpp">
      <Filter>Source Files\chapter_18_tool_for_large_programs</Filter>
    </ClCompile>
    <ClCompile Include="2# exception_object.cpp">
      <Filter>Source Files\chapter_18_tool_for_large_programs</Filter>
    </ClCompile>
    <ClCompile Include="3# conversion_in_the_exception.cpp">
      <Filter>Source Files\chapter_18_tool_for_large_programs</Filter>
    </ClCompile>
    <ClCompile Include="4# rethrow.cpp">
      <Filter>Source Files\chapter_18_tool_for_large_programs</Filter>
    </ClCompile>
    <ClCompile Include="5# try_catch_with_initialzer_list.cpp">
      <Filter>Source Files\chapter_18_tool_for_large_programs</Filter>
    </ClCompile>
    <ClCompile Include="6# noexcept.cpp">
      <Filter>Source Files\chapter_18_tool_for_large_programs</Filter>
    </ClCompile>
    <ClCompile Include="7# namespace.cpp">
      <Filter>Source Files\chapter_18_tool_for_large_programs</Filter>
    </ClCompile>
    <ClCompile Include="decltype_to_return_arrayDataType.cpp">
      <Filter>Source Files\decltype</Filter>
    </ClCompile>
    <ClCompile Include="8# unamed_namespaces.cpp">
      <Filter>Source Files\chapter_18_tool_for_large_programs</Filter>
    </ClCompile>
    <ClCompile Include="9# namespace_alias.cpp">
      <Filter>Source Files\chapter_18_tool_for_large_programs</Filter>
    </ClCompile>
    <ClCompile Include="10# using_directives_and_using_declaration.cpp">
      <Filter>Source Files\chapter_18_tool_for_large_programs</Filter>
    </ClCompile>
    <ClCompile Include="11# argument_dependent_lookup.cpp">
      <Filter>Source Files\chapter_18_tool_for_large_programs</Filter>
    </ClCompile>
    <ClCompile Include="12# overloading_and_using_declarations.cpp">
      <Filter>Source Files\chapter_18_tool_for_large_programs</Filter>
    </ClCompile>
  </ItemGroup>
</Project>